
Microsoft Visual Studio Solution File, Format Version 12.00
# Visual Studio 15
VisualStudioVersion = 15.0.27130.2024
MinimumVisualStudioVersion = 10.0.40219.1
Project("{FAE04EC0-301F-11D3-BF4B-00C04F79EFBC}") = "MegaDesk1", "MegaDesk1\MegaDesk1.csproj", "{782526A7-B1D5-4009-8540-D998E424A6D5}"
EndProject
Global
	GlobalSection(SolutionConfigurationPlatforms) = preSolution
		Debug|Any CPU = Debug|Any CPU
		Release|Any CPU = Release|Any CPU
	EndGlobalSection
	GlobalSection(ProjectConfigurationPlatforms) = postSolution
		{782526A7-B1D5-4009-8540-D998E424A6D5}.Debug|Any CPU.ActiveCfg = Debug|Any CPU
		{782526A7-B1D5-4009-8540-D998E424A6D5}.Debug|Any CPU.Build.0 = Debug|Any CPU
		{782526A7-B1D5-4009-8540-D998E424A6D5}.Release|Any CPU.ActiveCfg = Release|Any CPU
		{782526A7-B1D5-4009-8540-D998E424A6D5}.Release|Any CPU.Build.0 = Release|Any CPU
	EndGlobalSection
	GlobalSection(SolutionProperties) = preSolution
		HideSolutionNode = FALSE
	EndGlobalSection
	GlobalSection(ExtensibilityGlobals) = postSolution
		SolutionGuid = {C96D3B50-0DA8-49CA-8DB6-69BCCB2777BF}
	EndGlobalSection
EndGlobal
